// !$*UTF8*$!
{
	archiveVersion = 1;
	classes = {
	};
	objectVersion = 50;
	objects = {

/* Begin PBXBuildFile section */
		A12FE4BC238C8503002A9F5F /* ColorConversion.metal in Sources */ = {isa = PBXBuildFile; fileRef = A12FE4BB238C8503002A9F5F /* ColorConversion.metal */; };
		A12FE4F9238EF89C002A9F5F /* ColorConversion.h in Headers */ = {isa = PBXBuildFile; fileRef = A12FE4BD238C853C002A9F5F /* ColorConversion.h */; settings = {ATTRIBUTES = (Private, ); }; };
		A1421D79235E2B56004C0286 /* Mosaic.framework in Frameworks */ = {isa = PBXBuildFile; fileRef = A118B5CC235E233A00770A48 /* Mosaic.framework */; };
		A1421D7A235E2B56004C0286 /* Mosaic.framework in Embed Frameworks */ = {isa = PBXBuildFile; fileRef = A118B5CC235E233A00770A48 /* Mosaic.framework */; settings = {ATTRIBUTES = (RemoveHeadersOnCopy, ); }; };
		A1421D7C235E2EB9004C0286 /* AverageColorZone_kernel.metal in Sources */ = {isa = PBXBuildFile; fileRef = A1421D7B235E2EB9004C0286 /* AverageColorZone_kernel.metal */; };
		A1421D8A235E3297004C0286 /* PoolTileMapperTests.swift in Sources */ = {isa = PBXBuildFile; fileRef = A1421D89235E3297004C0286 /* PoolTileMapperTests.swift */; };
		A15783982350A10100CCAEDD /* ImageStitcher.swift in Sources */ = {isa = PBXBuildFile; fileRef = A15783972350A10100CCAEDD /* ImageStitcher.swift */; };
		A157839A2350A30200CCAEDD /* ImagePoolManager.swift in Sources */ = {isa = PBXBuildFile; fileRef = A15783992350A30200CCAEDD /* ImagePoolManager.swift */; };
		A157839C2350A31F00CCAEDD /* ResizedImageManager.swift in Sources */ = {isa = PBXBuildFile; fileRef = A157839B2350A31F00CCAEDD /* ResizedImageManager.swift */; };
		A157839E2350A36B00CCAEDD /* TileRects.swift in Sources */ = {isa = PBXBuildFile; fileRef = A157839D2350A36B00CCAEDD /* TileRects.swift */; };
		A15783A02350AC7700CCAEDD /* AverageColorFinder.swift in Sources */ = {isa = PBXBuildFile; fileRef = A157839F2350AC7700CCAEDD /* AverageColorFinder.swift */; };
		A15783A3235136E500CCAEDD /* Test_image_1.jpg in Resources */ = {isa = PBXBuildFile; fileRef = A15783A1235136E500CCAEDD /* Test_image_1.jpg */; };
		A19A222B236596ED00A00324 /* PoolTileMapper_kernel.metal in Sources */ = {isa = PBXBuildFile; fileRef = A19A222A236596ED00A00324 /* PoolTileMapper_kernel.metal */; };
		A19FE582236A2F4B000E4BDD /* MultiRectangle_60x60.jpg in Resources */ = {isa = PBXBuildFile; fileRef = A19FE580236A2F4A000E4BDD /* MultiRectangle_60x60.jpg */; };
		A19FE585236A392A000E4BDD /* MultiRectangle_4x4.png in Resources */ = {isa = PBXBuildFile; fileRef = A19FE583236A392A000E4BDD /* MultiRectangle_4x4.png */; };
		A19FE6662373092C000E4BDD /* MultiStripes_1000x1000.png in Resources */ = {isa = PBXBuildFile; fileRef = A19FE6642373092C000E4BDD /* MultiStripes_1000x1000.png */; };
		A19FE66A23730F75000E4BDD /* MultiStripes_500x500.png in Resources */ = {isa = PBXBuildFile; fileRef = A19FE66723730F75000E4BDD /* MultiStripes_500x500.png */; };
		A19FE66C23730F75000E4BDD /* MultiStripes_100x100.png in Resources */ = {isa = PBXBuildFile; fileRef = A19FE66823730F75000E4BDD /* MultiStripes_100x100.png */; };
		A19FE66F23732CB0000E4BDD /* MultiStripes_Aleternative_100x100.png in Resources */ = {isa = PBXBuildFile; fileRef = A19FE66D23732CB0000E4BDD /* MultiStripes_Aleternative_100x100.png */; };
		A19FE675237347B0000E4BDD /* BlueRectangle_10x10.png in Resources */ = {isa = PBXBuildFile; fileRef = A19FE670237347AF000E4BDD /* BlueRectangle_10x10.png */; };
		A19FE677237347B0000E4BDD /* DarkGreenRectangle_10x10.png in Resources */ = {isa = PBXBuildFile; fileRef = A19FE671237347AF000E4BDD /* DarkGreenRectangle_10x10.png */; };
		A19FE679237347B0000E4BDD /* BlackRectangle_10x10.png in Resources */ = {isa = PBXBuildFile; fileRef = A19FE672237347AF000E4BDD /* BlackRectangle_10x10.png */; };
		A19FE67B237347B0000E4BDD /* GreenRectangle_10x10.png in Resources */ = {isa = PBXBuildFile; fileRef = A19FE673237347AF000E4BDD /* GreenRectangle_10x10.png */; };
		A1A1D394239EC79E00C52D13 /* DarkGreenRectangle_100x100.jpg in Resources */ = {isa = PBXBuildFile; fileRef = A1A1D392239EC79E00C52D13 /* DarkGreenRectangle_100x100.jpg */; };
		A1A1D397239EC9E500C52D13 /* Test_image_6.jpg in Resources */ = {isa = PBXBuildFile; fileRef = A1A1D395239EC9E500C52D13 /* Test_image_6.jpg */; };
		A1A1D39A239ECD3900C52D13 /* GreenShades.png in Resources */ = {isa = PBXBuildFile; fileRef = A1A1D398239ECD3900C52D13 /* GreenShades.png */; };
		A1A1D39D239ECE9E00C52D13 /* GreenRectangle_100x100.jpg in Resources */ = {isa = PBXBuildFile; fileRef = A1A1D39B239ECE9E00C52D13 /* GreenRectangle_100x100.jpg */; };
		A1B0E2922351C1BB0011040B /* AverageZoneColorFinder.swift in Sources */ = {isa = PBXBuildFile; fileRef = A1B0E2912351C1BB0011040B /* AverageZoneColorFinder.swift */; };
		A1B0E2942351C5230011040B /* ImageTileSequenceTests.swift in Sources */ = {isa = PBXBuildFile; fileRef = A1B0E2932351C5230011040B /* ImageTileSequenceTests.swift */; };
		A1B0E2982351CF2B0011040B /* AverageZoneColorFinderPerformanceTests.swift in Sources */ = {isa = PBXBuildFile; fileRef = A1B0E2972351CF2B0011040B /* AverageZoneColorFinderPerformanceTests.swift */; };
		A1CDE03223506DC00024548F /* AppDelegate.swift in Sources */ = {isa = PBXBuildFile; fileRef = A1CDE03123506DC00024548F /* AppDelegate.swift */; };
		A1CDE03423506DC00024548F /* SceneDelegate.swift in Sources */ = {isa = PBXBuildFile; fileRef = A1CDE03323506DC00024548F /* SceneDelegate.swift */; };
		A1CDE03623506DC00024548F /* RootViewController.swift in Sources */ = {isa = PBXBuildFile; fileRef = A1CDE03523506DC00024548F /* RootViewController.swift */; };
		A1CDE03923506DC00024548F /* Main.storyboard in Resources */ = {isa = PBXBuildFile; fileRef = A1CDE03723506DC00024548F /* Main.storyboard */; };
		A1CDE03B23506DC10024548F /* Assets.xcassets in Resources */ = {isa = PBXBuildFile; fileRef = A1CDE03A23506DC10024548F /* Assets.xcassets */; };
		A1CDE03E23506DC10024548F /* LaunchScreen.storyboard in Resources */ = {isa = PBXBuildFile; fileRef = A1CDE03C23506DC10024548F /* LaunchScreen.storyboard */; };
		A1CDE06823506DD50024548F /* AverageColorTests.swift in Sources */ = {isa = PBXBuildFile; fileRef = A1CDE06723506DD50024548F /* AverageColorTests.swift */; };
		A1CDE06A23506DD50024548F /* Mosaic.h in Headers */ = {isa = PBXBuildFile; fileRef = A1CDE05A23506DD50024548F /* Mosaic.h */; settings = {ATTRIBUTES = (Public, ); }; };
		A1CDE07723506F5F0024548F /* UIImageExtensions.swift in Sources */ = {isa = PBXBuildFile; fileRef = A1CDE07623506F5F0024548F /* UIImageExtensions.swift */; };
		A1CDE07E235076470024548F /* Mosaic.swift in Sources */ = {isa = PBXBuildFile; fileRef = A1CDE07D235076470024548F /* Mosaic.swift */; };
		A1CDE08023507D4A0024548F /* UIColorExtensions.swift in Sources */ = {isa = PBXBuildFile; fileRef = A1CDE07F23507D4A0024548F /* UIColorExtensions.swift */; };
		A1CE3A2523550BF400EC3E2D /* RedRectangle_2x2.jpg in Resources */ = {isa = PBXBuildFile; fileRef = A1CE3A2323550BF400EC3E2D /* RedRectangle_2x2.jpg */; };
		A1CE3A2823550C2300EC3E2D /* RedRectangle_10x10.jpg in Resources */ = {isa = PBXBuildFile; fileRef = A1CE3A2623550C2300EC3E2D /* RedRectangle_10x10.jpg */; };
		A1CE3A2B23550CEE00EC3E2D /* RedRectangle_500x500.jpg in Resources */ = {isa = PBXBuildFile; fileRef = A1CE3A2923550CEE00EC3E2D /* RedRectangle_500x500.jpg */; };
		A1CE3A2E23550E3600EC3E2D /* RedRectangle_50x50.jpg in Resources */ = {isa = PBXBuildFile; fileRef = A1CE3A2C23550E3600EC3E2D /* RedRectangle_50x50.jpg */; };
		A1CE3A3123550E8700EC3E2D /* RedRectangle_20x20.jpg in Resources */ = {isa = PBXBuildFile; fileRef = A1CE3A2F23550E8700EC3E2D /* RedRectangle_20x20.jpg */; };
		A1CE3A3423550ED400EC3E2D /* RedRectangle_30x30.jpg in Resources */ = {isa = PBXBuildFile; fileRef = A1CE3A3223550ED400EC3E2D /* RedRectangle_30x30.jpg */; };
		A1CE3A3723550EF700EC3E2D /* RedRectangle_40x40.jpg in Resources */ = {isa = PBXBuildFile; fileRef = A1CE3A3523550EF700EC3E2D /* RedRectangle_40x40.jpg */; };
		A1CE3A3A235511B700EC3E2D /* MultiRectangle_10x10.jpg in Resources */ = {isa = PBXBuildFile; fileRef = A1CE3A38235511B700EC3E2D /* MultiRectangle_10x10.jpg */; };
		A1CE3A3D2355145B00EC3E2D /* MultiRectangle_2x2.jpg in Resources */ = {isa = PBXBuildFile; fileRef = A1CE3A3B2355145B00EC3E2D /* MultiRectangle_2x2.jpg */; };
		A1DA3B9D2375EFED0008B37D /* ImageStitcher.metal in Sources */ = {isa = PBXBuildFile; fileRef = A1DA3B9C2375EFED0008B37D /* ImageStitcher.metal */; };
		A1DF235823BE3D9A004FF2C9 /* TileRectsTests.swift in Sources */ = {isa = PBXBuildFile; fileRef = A1DF235723BE3D9A004FF2C9 /* TileRectsTests.swift */; };
		A1E71DF823AF799500F4E97F /* ColorsDistanceCalculatorTests.swift in Sources */ = {isa = PBXBuildFile; fileRef = A1E71DF723AF799500F4E97F /* ColorsDistanceCalculatorTests.swift */; };
		A1E71DFE23AFE36A00F4E97F /* ToLab.metal in Sources */ = {isa = PBXBuildFile; fileRef = A1E71DFC23AFE0D000F4E97F /* ToLab.metal */; };
		A1E71DFF23AFE38700F4E97F /* ToLabelTests.swift in Sources */ = {isa = PBXBuildFile; fileRef = A1E71DF923AFE09300F4E97F /* ToLabelTests.swift */; };
		A1E71E0123AFEAD300F4E97F /* DeltaE.metal in Sources */ = {isa = PBXBuildFile; fileRef = A1E71E0023AFEAD300F4E97F /* DeltaE.metal */; };
		A1E71E0323AFEB4800F4E97F /* deltaETests.swift in Sources */ = {isa = PBXBuildFile; fileRef = A1E71E0223AFEB4800F4E97F /* deltaETests.swift */; };
		A1E87D4C23AE3513006718B4 /* MetalResourceManager.swift in Sources */ = {isa = PBXBuildFile; fileRef = A1E87D4B23AE3513006718B4 /* MetalResourceManager.swift */; };
		A1E87D5123AE4D18006718B4 /* ImagePoolCheatGenerator.swift in Sources */ = {isa = PBXBuildFile; fileRef = A1E87D5023AE4D18006718B4 /* ImagePoolCheatGenerator.swift */; };
		A1E87D5323AE75BB006718B4 /* ColorsDistanceCalculator.swift in Sources */ = {isa = PBXBuildFile; fileRef = A1E87D5223AE75BB006718B4 /* ColorsDistanceCalculator.swift */; };
		A1E87D5523AF7454006718B4 /* ColorsDistanceCalculator.metal in Sources */ = {isa = PBXBuildFile; fileRef = A1E87D5423AF7454006718B4 /* ColorsDistanceCalculator.metal */; };
		A1EECBEE23B0D89400B4BC6F /* ColorOverlayImageFilter.swift in Sources */ = {isa = PBXBuildFile; fileRef = A1EECBED23B0D89400B4BC6F /* ColorOverlayImageFilter.swift */; };
		A1EECBF023B0DB1C00B4BC6F /* ColorOverlayImageFilterTests.swift in Sources */ = {isa = PBXBuildFile; fileRef = A1EECBEF23B0DB1C00B4BC6F /* ColorOverlayImageFilterTests.swift */; };
		A1EFFD68239AC1A500917A18 /* Test_image_2.jpeg in Resources */ = {isa = PBXBuildFile; fileRef = A1EFFD66239AC1A500917A18 /* Test_image_2.jpeg */; };
		A1EFFD69239AC1A500917A18 /* Test_image_3.jpeg in Resources */ = {isa = PBXBuildFile; fileRef = A1EFFD67239AC1A500917A18 /* Test_image_3.jpeg */; };
		A1EFFD8C239AF2B600917A18 /* Rectangle_21.jpg in Resources */ = {isa = PBXBuildFile; fileRef = A1EFFD70239AF2B300917A18 /* Rectangle_21.jpg */; };
		A1EFFD8E239AF2B600917A18 /* Rectangle_9.jpg in Resources */ = {isa = PBXBuildFile; fileRef = A1EFFD71239AF2B300917A18 /* Rectangle_9.jpg */; };
		A1EFFD90239AF2B600917A18 /* Rectangle_0.jpg in Resources */ = {isa = PBXBuildFile; fileRef = A1EFFD72239AF2B400917A18 /* Rectangle_0.jpg */; };
		A1EFFD92239AF2B600917A18 /* Rectangle_26.jpg in Resources */ = {isa = PBXBuildFile; fileRef = A1EFFD73239AF2B400917A18 /* Rectangle_26.jpg */; };
		A1EFFD94239AF2B600917A18 /* Rectangle_24.jpg in Resources */ = {isa = PBXBuildFile; fileRef = A1EFFD74239AF2B400917A18 /* Rectangle_24.jpg */; };
		A1EFFD96239AF2B600917A18 /* Rectangle_15.jpg in Resources */ = {isa = PBXBuildFile; fileRef = A1EFFD75239AF2B400917A18 /* Rectangle_15.jpg */; };
		A1EFFD98239AF2B600917A18 /* Rectangle_12.jpg in Resources */ = {isa = PBXBuildFile; fileRef = A1EFFD76239AF2B400917A18 /* Rectangle_12.jpg */; };
		A1EFFD9A239AF2B600917A18 /* Rectangle_22.jpg in Resources */ = {isa = PBXBuildFile; fileRef = A1EFFD77239AF2B400917A18 /* Rectangle_22.jpg */; };
		A1EFFD9C239AF2B600917A18 /* Rectangle_5.jpg in Resources */ = {isa = PBXBuildFile; fileRef = A1EFFD78239AF2B400917A18 /* Rectangle_5.jpg */; };
		A1EFFD9E239AF2B600917A18 /* Rectangle_4.jpg in Resources */ = {isa = PBXBuildFile; fileRef = A1EFFD79239AF2B400917A18 /* Rectangle_4.jpg */; };
		A1EFFDA0239AF2B600917A18 /* Rectangle_11.jpg in Resources */ = {isa = PBXBuildFile; fileRef = A1EFFD7A239AF2B400917A18 /* Rectangle_11.jpg */; };
		A1EFFDA2239AF2B600917A18 /* Rectangle_2.jpg in Resources */ = {isa = PBXBuildFile; fileRef = A1EFFD7B239AF2B400917A18 /* Rectangle_2.jpg */; };
		A1EFFDA4239AF2B600917A18 /* Rectangle_20.jpg in Resources */ = {isa = PBXBuildFile; fileRef = A1EFFD7C239AF2B400917A18 /* Rectangle_20.jpg */; };
		A1EFFDA6239AF2B600917A18 /* Rectangle_17.jpg in Resources */ = {isa = PBXBuildFile; fileRef = A1EFFD7D239AF2B500917A18 /* Rectangle_17.jpg */; };
		A1EFFDA8239AF2B600917A18 /* Rectangle_14.jpg in Resources */ = {isa = PBXBuildFile; fileRef = A1EFFD7E239AF2B500917A18 /* Rectangle_14.jpg */; };
		A1EFFDAA239AF2B600917A18 /* Rectangle_8.jpg in Resources */ = {isa = PBXBuildFile; fileRef = A1EFFD7F239AF2B500917A18 /* Rectangle_8.jpg */; };
		A1EFFDAC239AF2B600917A18 /* Rectangle_18.jpg in Resources */ = {isa = PBXBuildFile; fileRef = A1EFFD80239AF2B500917A18 /* Rectangle_18.jpg */; };
		A1EFFDAE239AF2B600917A18 /* Rectangle_16.jpg in Resources */ = {isa = PBXBuildFile; fileRef = A1EFFD81239AF2B500917A18 /* Rectangle_16.jpg */; };
		A1EFFDB0239AF2B600917A18 /* Rectangle_10.jpg in Resources */ = {isa = PBXBuildFile; fileRef = A1EFFD82239AF2B500917A18 /* Rectangle_10.jpg */; };
		A1EFFDB2239AF2B600917A18 /* Rectangle_13.jpg in Resources */ = {isa = PBXBuildFile; fileRef = A1EFFD83239AF2B500917A18 /* Rectangle_13.jpg */; };
		A1EFFDB4239AF2B600917A18 /* Rectangle_23.jpg in Resources */ = {isa = PBXBuildFile; fileRef = A1EFFD84239AF2B500917A18 /* Rectangle_23.jpg */; };
		A1EFFDB6239AF2B600917A18 /* Rectangle_6.jpg in Resources */ = {isa = PBXBuildFile; fileRef = A1EFFD85239AF2B600917A18 /* Rectangle_6.jpg */; };
		A1EFFDB8239AF2B600917A18 /* Rectangle_25.jpg in Resources */ = {isa = PBXBuildFile; fileRef = A1EFFD86239AF2B600917A18 /* Rectangle_25.jpg */; };
		A1EFFDBA239AF2B600917A18 /* Rectangle_19.jpg in Resources */ = {isa = PBXBuildFile; fileRef = A1EFFD87239AF2B600917A18 /* Rectangle_19.jpg */; };
		A1EFFDBC239AF2B600917A18 /* Rectangle_7.jpg in Resources */ = {isa = PBXBuildFile; fileRef = A1EFFD88239AF2B600917A18 /* Rectangle_7.jpg */; };
		A1EFFDBE239AF2B600917A18 /* Rectangle_3.jpg in Resources */ = {isa = PBXBuildFile; fileRef = A1EFFD89239AF2B600917A18 /* Rectangle_3.jpg */; };
		A1EFFDC0239AF2B600917A18 /* Rectangle_1.jpg in Resources */ = {isa = PBXBuildFile; fileRef = A1EFFD8A239AF2B600917A18 /* Rectangle_1.jpg */; };
		A1EFFDC3239AF7AD00917A18 /* BeigeRectangle_1x1.jpg in Resources */ = {isa = PBXBuildFile; fileRef = A1EFFDC1239AF7AD00917A18 /* BeigeRectangle_1x1.jpg */; };
		A1EFFDC9239B16EF00917A18 /* BrownRectangle_1x1.jpg in Resources */ = {isa = PBXBuildFile; fileRef = A1EFFDC7239B16EF00917A18 /* BrownRectangle_1x1.jpg */; };
		A1EFFDCC239B1C9B00917A18 /* BrownRectangle_100x100.jpg in Resources */ = {isa = PBXBuildFile; fileRef = A1EFFDCA239B1C9A00917A18 /* BrownRectangle_100x100.jpg */; };
		A1EFFDCF239B1E1600917A18 /* Test_image_4.jpeg in Resources */ = {isa = PBXBuildFile; fileRef = A1EFFDCD239B1E1600917A18 /* Test_image_4.jpeg */; };
		A1EFFDD2239B23F900917A18 /* Test_image_5.jpg in Resources */ = {isa = PBXBuildFile; fileRef = A1EFFDD0239B23F900917A18 /* Test_image_5.jpg */; };
		A1F23F33235E45720030FAC0 /* ImagePoolManagerTests.swift in Sources */ = {isa = PBXBuildFile; fileRef = A1F23F32235E45720030FAC0 /* ImagePoolManagerTests.swift */; };
		A1F23F35235E52190030FAC0 /* CaptureSessionManager.swift in Sources */ = {isa = PBXBuildFile; fileRef = A1F23F34235E52190030FAC0 /* CaptureSessionManager.swift */; };
		A1F2924D2356590900B0C099 /* AverageZoneColorFinderTests.swift in Sources */ = {isa = PBXBuildFile; fileRef = A1F2924C2356590900B0C099 /* AverageZoneColorFinderTests.swift */; };
		A1F2924F23565CAA00B0C099 /* GreenRectangle_50x50.jpg in Resources */ = {isa = PBXBuildFile; fileRef = A1F2924E23565CAA00B0C099 /* GreenRectangle_50x50.jpg */; };
		A1F2925323565CF200B0C099 /* BlueRectangle_50x50.jpg in Resources */ = {isa = PBXBuildFile; fileRef = A1F2925123565CF200B0C099 /* BlueRectangle_50x50.jpg */; };
		A1F292562356626A00B0C099 /* BlackRectangle_50x50.jpg in Resources */ = {isa = PBXBuildFile; fileRef = A1F292542356626A00B0C099 /* BlackRectangle_50x50.jpg */; };
		A1F29259235662A800B0C099 /* WhiteRectangle_50x50.jpg in Resources */ = {isa = PBXBuildFile; fileRef = A1F29257235662A800B0C099 /* WhiteRectangle_50x50.jpg */; };
		A1F2925C235662F400B0C099 /* GrayRectangle_50x50.jpg in Resources */ = {isa = PBXBuildFile; fileRef = A1F2925A235662F400B0C099 /* GrayRectangle_50x50.jpg */; };
		A1F2925F23573D7200B0C099 /* LightGreenRectangle_50x50.jpg in Resources */ = {isa = PBXBuildFile; fileRef = A1F2925D23573D7200B0C099 /* LightGreenRectangle_50x50.jpg */; };
		A1F292772357544400B0C099 /* PoolTileMapper.swift in Sources */ = {isa = PBXBuildFile; fileRef = A1F292762357544400B0C099 /* PoolTileMapper.swift */; };
/* End PBXBuildFile section */

/* Begin PBXContainerItemProxy section */
		A1CDE06223506DD50024548F /* PBXContainerItemProxy */ = {
			isa = PBXContainerItemProxy;
			containerPortal = A1CDE02623506DC00024548F /* Project object */;
			proxyType = 1;
			remoteGlobalIDString = A1CDE05723506DD50024548F;
			remoteInfo = Mosaic;
		};
		A1CDE06423506DD50024548F /* PBXContainerItemProxy */ = {
			isa = PBXContainerItemProxy;
			containerPortal = A1CDE02623506DC00024548F /* Project object */;
			proxyType = 1;
			remoteGlobalIDString = A1CDE02D23506DC00024548F;
			remoteInfo = "Mosaic Sample App";
		};
		A1CDE06B23506DD50024548F /* PBXContainerItemProxy */ = {
			isa = PBXContainerItemProxy;
			containerPortal = A1CDE02623506DC00024548F /* Project object */;
			proxyType = 1;
			remoteGlobalIDString = A1CDE05723506DD50024548F;
			remoteInfo = Mosaic;
		};
/* End PBXContainerItemProxy section */

/* Begin PBXCopyFilesBuildPhase section */
		A1CDE07223506DD50024548F /* Embed Frameworks */ = {
			isa = PBXCopyFilesBuildPhase;
			buildActionMask = 2147483647;
			dstPath = "";
			dstSubfolderSpec = 10;
			files = (
				A1421D7A235E2B56004C0286 /* Mosaic.framework in Embed Frameworks */,
			);
			name = "Embed Frameworks";
			runOnlyForDeploymentPostprocessing = 0;
		};
/* End PBXCopyFilesBuildPhase section */

/* Begin PBXFileReference section */
		A118B5CB235E233A00770A48 /* Mosaic Sample App.app */ = {isa = PBXFileReference; explicitFileType = wrapper.application; includeInIndex = 0; path = "Mosaic Sample App.app"; sourceTree = BUILT_PRODUCTS_DIR; };
		A118B5CC235E233A00770A48 /* Mosaic.framework */ = {isa = PBXFileReference; explicitFileType = wrapper.framework; includeInIndex = 0; path = Mosaic.framework; sourceTree = BUILT_PRODUCTS_DIR; };
		A118B5CE235E233A00770A48 /* MosaicTests.xctest */ = {isa = PBXFileReference; explicitFileType = wrapper.cfbundle; includeInIndex = 0; path = MosaicTests.xctest; sourceTree = BUILT_PRODUCTS_DIR; };
		A12FE4BB238C8503002A9F5F /* ColorConversion.metal */ = {isa = PBXFileReference; lastKnownFileType = sourcecode.metal; path = ColorConversion.metal; sourceTree = "<group>"; };
		A12FE4BD238C853C002A9F5F /* ColorConversion.h */ = {isa = PBXFileReference; lastKnownFileType = sourcecode.c.h; path = ColorConversion.h; sourceTree = "<group>"; };
		A1421D7B235E2EB9004C0286 /* AverageColorZone_kernel.metal */ = {isa = PBXFileReference; fileEncoding = 4; lastKnownFileType = sourcecode.metal; path = AverageColorZone_kernel.metal; sourceTree = "<group>"; };
		A1421D89235E3297004C0286 /* PoolTileMapperTests.swift */ = {isa = PBXFileReference; lastKnownFileType = sourcecode.swift; path = PoolTileMapperTests.swift; sourceTree = "<group>"; };
		A15783972350A10100CCAEDD /* ImageStitcher.swift */ = {isa = PBXFileReference; lastKnownFileType = sourcecode.swift; path = ImageStitcher.swift; sourceTree = "<group>"; };
		A15783992350A30200CCAEDD /* ImagePoolManager.swift */ = {isa = PBXFileReference; lastKnownFileType = sourcecode.swift; path = ImagePoolManager.swift; sourceTree = "<group>"; };
		A157839B2350A31F00CCAEDD /* ResizedImageManager.swift */ = {isa = PBXFileReference; lastKnownFileType = sourcecode.swift; path = ResizedImageManager.swift; sourceTree = "<group>"; };
		A157839D2350A36B00CCAEDD /* TileRects.swift */ = {isa = PBXFileReference; lastKnownFileType = sourcecode.swift; path = TileRects.swift; sourceTree = "<group>"; };
		A157839F2350AC7700CCAEDD /* AverageColorFinder.swift */ = {isa = PBXFileReference; lastKnownFileType = sourcecode.swift; path = AverageColorFinder.swift; sourceTree = "<group>"; };
		A15783A1235136E500CCAEDD /* Test_image_1.jpg */ = {isa = PBXFileReference; lastKnownFileType = image.jpeg; path = Test_image_1.jpg; sourceTree = "<group>"; };
		A19A222A236596ED00A00324 /* PoolTileMapper_kernel.metal */ = {isa = PBXFileReference; lastKnownFileType = sourcecode.metal; path = PoolTileMapper_kernel.metal; sourceTree = "<group>"; };
		A19FE580236A2F4A000E4BDD /* MultiRectangle_60x60.jpg */ = {isa = PBXFileReference; lastKnownFileType = image.jpeg; path = MultiRectangle_60x60.jpg; sourceTree = "<group>"; };
		A19FE583236A392A000E4BDD /* MultiRectangle_4x4.png */ = {isa = PBXFileReference; lastKnownFileType = image.png; path = MultiRectangle_4x4.png; sourceTree = "<group>"; };
		A19FE6642373092C000E4BDD /* MultiStripes_1000x1000.png */ = {isa = PBXFileReference; lastKnownFileType = image.png; path = MultiStripes_1000x1000.png; sourceTree = "<group>"; };
		A19FE66723730F75000E4BDD /* MultiStripes_500x500.png */ = {isa = PBXFileReference; lastKnownFileType = image.png; path = MultiStripes_500x500.png; sourceTree = "<group>"; };
		A19FE66823730F75000E4BDD /* MultiStripes_100x100.png */ = {isa = PBXFileReference; lastKnownFileType = image.png; path = MultiStripes_100x100.png; sourceTree = "<group>"; };
		A19FE66D23732CB0000E4BDD /* MultiStripes_Aleternative_100x100.png */ = {isa = PBXFileReference; lastKnownFileType = image.png; path = MultiStripes_Aleternative_100x100.png; sourceTree = "<group>"; };
		A19FE670237347AF000E4BDD /* BlueRectangle_10x10.png */ = {isa = PBXFileReference; lastKnownFileType = image.png; path = BlueRectangle_10x10.png; sourceTree = "<group>"; };
		A19FE671237347AF000E4BDD /* DarkGreenRectangle_10x10.png */ = {isa = PBXFileReference; lastKnownFileType = image.png; path = DarkGreenRectangle_10x10.png; sourceTree = "<group>"; };
		A19FE672237347AF000E4BDD /* BlackRectangle_10x10.png */ = {isa = PBXFileReference; lastKnownFileType = image.png; path = BlackRectangle_10x10.png; sourceTree = "<group>"; };
		A19FE673237347AF000E4BDD /* GreenRectangle_10x10.png */ = {isa = PBXFileReference; lastKnownFileType = image.png; path = GreenRectangle_10x10.png; sourceTree = "<group>"; };
		A1A1D392239EC79E00C52D13 /* DarkGreenRectangle_100x100.jpg */ = {isa = PBXFileReference; lastKnownFileType = image.jpeg; path = DarkGreenRectangle_100x100.jpg; sourceTree = "<group>"; };
		A1A1D395239EC9E500C52D13 /* Test_image_6.jpg */ = {isa = PBXFileReference; lastKnownFileType = image.jpeg; path = Test_image_6.jpg; sourceTree = "<group>"; };
		A1A1D398239ECD3900C52D13 /* GreenShades.png */ = {isa = PBXFileReference; lastKnownFileType = image.png; path = GreenShades.png; sourceTree = "<group>"; };
		A1A1D39B239ECE9E00C52D13 /* GreenRectangle_100x100.jpg */ = {isa = PBXFileReference; lastKnownFileType = image.jpeg; path = GreenRectangle_100x100.jpg; sourceTree = "<group>"; };
		A1B0E2912351C1BB0011040B /* AverageZoneColorFinder.swift */ = {isa = PBXFileReference; lastKnownFileType = sourcecode.swift; path = AverageZoneColorFinder.swift; sourceTree = "<group>"; };
		A1B0E2932351C5230011040B /* ImageTileSequenceTests.swift */ = {isa = PBXFileReference; lastKnownFileType = sourcecode.swift; path = ImageTileSequenceTests.swift; sourceTree = "<group>"; };
		A1B0E2972351CF2B0011040B /* AverageZoneColorFinderPerformanceTests.swift */ = {isa = PBXFileReference; lastKnownFileType = sourcecode.swift; path = AverageZoneColorFinderPerformanceTests.swift; sourceTree = "<group>"; };
		A1CDE03123506DC00024548F /* AppDelegate.swift */ = {isa = PBXFileReference; lastKnownFileType = sourcecode.swift; path = AppDelegate.swift; sourceTree = "<group>"; };
		A1CDE03323506DC00024548F /* SceneDelegate.swift */ = {isa = PBXFileReference; lastKnownFileType = sourcecode.swift; path = SceneDelegate.swift; sourceTree = "<group>"; };
		A1CDE03523506DC00024548F /* RootViewController.swift */ = {isa = PBXFileReference; lastKnownFileType = sourcecode.swift; path = RootViewController.swift; sourceTree = "<group>"; };
		A1CDE03823506DC00024548F /* Base */ = {isa = PBXFileReference; lastKnownFileType = file.storyboard; name = Base; path = Base.lproj/Main.storyboard; sourceTree = "<group>"; };
		A1CDE03A23506DC10024548F /* Assets.xcassets */ = {isa = PBXFileReference; lastKnownFileType = folder.assetcatalog; path = Assets.xcassets; sourceTree = "<group>"; };
		A1CDE03D23506DC10024548F /* Base */ = {isa = PBXFileReference; lastKnownFileType = file.storyboard; name = Base; path = Base.lproj/LaunchScreen.storyboard; sourceTree = "<group>"; };
		A1CDE03F23506DC10024548F /* Info.plist */ = {isa = PBXFileReference; lastKnownFileType = text.plist.xml; path = Info.plist; sourceTree = "<group>"; };
		A1CDE05A23506DD50024548F /* Mosaic.h */ = {isa = PBXFileReference; lastKnownFileType = sourcecode.c.h; path = Mosaic.h; sourceTree = "<group>"; };
		A1CDE05B23506DD50024548F /* Info.plist */ = {isa = PBXFileReference; lastKnownFileType = text.plist.xml; path = Info.plist; sourceTree = "<group>"; };
		A1CDE06723506DD50024548F /* AverageColorTests.swift */ = {isa = PBXFileReference; lastKnownFileType = sourcecode.swift; path = AverageColorTests.swift; sourceTree = "<group>"; };
		A1CDE06923506DD50024548F /* Info.plist */ = {isa = PBXFileReference; lastKnownFileType = text.plist.xml; path = Info.plist; sourceTree = "<group>"; };
		A1CDE07623506F5F0024548F /* UIImageExtensions.swift */ = {isa = PBXFileReference; lastKnownFileType = sourcecode.swift; path = UIImageExtensions.swift; sourceTree = "<group>"; };
		A1CDE07D235076470024548F /* Mosaic.swift */ = {isa = PBXFileReference; lastKnownFileType = sourcecode.swift; path = Mosaic.swift; sourceTree = "<group>"; };
		A1CDE07F23507D4A0024548F /* UIColorExtensions.swift */ = {isa = PBXFileReference; lastKnownFileType = sourcecode.swift; path = UIColorExtensions.swift; sourceTree = "<group>"; };
		A1CE3A2323550BF400EC3E2D /* RedRectangle_2x2.jpg */ = {isa = PBXFileReference; lastKnownFileType = image.jpeg; path = RedRectangle_2x2.jpg; sourceTree = "<group>"; };
		A1CE3A2623550C2300EC3E2D /* RedRectangle_10x10.jpg */ = {isa = PBXFileReference; lastKnownFileType = image.jpeg; path = RedRectangle_10x10.jpg; sourceTree = "<group>"; };
		A1CE3A2923550CEE00EC3E2D /* RedRectangle_500x500.jpg */ = {isa = PBXFileReference; lastKnownFileType = image.jpeg; path = RedRectangle_500x500.jpg; sourceTree = "<group>"; };
		A1CE3A2C23550E3600EC3E2D /* RedRectangle_50x50.jpg */ = {isa = PBXFileReference; lastKnownFileType = image.jpeg; path = RedRectangle_50x50.jpg; sourceTree = "<group>"; };
		A1CE3A2F23550E8700EC3E2D /* RedRectangle_20x20.jpg */ = {isa = PBXFileReference; lastKnownFileType = image.jpeg; path = RedRectangle_20x20.jpg; sourceTree = "<group>"; };
		A1CE3A3223550ED400EC3E2D /* RedRectangle_30x30.jpg */ = {isa = PBXFileReference; lastKnownFileType = image.jpeg; path = RedRectangle_30x30.jpg; sourceTree = "<group>"; };
		A1CE3A3523550EF700EC3E2D /* RedRectangle_40x40.jpg */ = {isa = PBXFileReference; lastKnownFileType = image.jpeg; path = RedRectangle_40x40.jpg; sourceTree = "<group>"; };
		A1CE3A38235511B700EC3E2D /* MultiRectangle_10x10.jpg */ = {isa = PBXFileReference; lastKnownFileType = image.jpeg; path = MultiRectangle_10x10.jpg; sourceTree = "<group>"; };
		A1CE3A3B2355145B00EC3E2D /* MultiRectangle_2x2.jpg */ = {isa = PBXFileReference; lastKnownFileType = image.jpeg; path = MultiRectangle_2x2.jpg; sourceTree = "<group>"; };
		A1DA3B9C2375EFED0008B37D /* ImageStitcher.metal */ = {isa = PBXFileReference; lastKnownFileType = sourcecode.metal; path = ImageStitcher.metal; sourceTree = "<group>"; };
		A1DF235723BE3D9A004FF2C9 /* TileRectsTests.swift */ = {isa = PBXFileReference; lastKnownFileType = sourcecode.swift; path = TileRectsTests.swift; sourceTree = "<group>"; };
		A1E71DF723AF799500F4E97F /* ColorsDistanceCalculatorTests.swift */ = {isa = PBXFileReference; lastKnownFileType = sourcecode.swift; path = ColorsDistanceCalculatorTests.swift; sourceTree = "<group>"; };
		A1E71DF923AFE09300F4E97F /* ToLabelTests.swift */ = {isa = PBXFileReference; lastKnownFileType = sourcecode.swift; path = ToLabelTests.swift; sourceTree = "<group>"; };
		A1E71DFC23AFE0D000F4E97F /* ToLab.metal */ = {isa = PBXFileReference; lastKnownFileType = sourcecode.metal; path = ToLab.metal; sourceTree = "<group>"; };
		A1E71E0023AFEAD300F4E97F /* DeltaE.metal */ = {isa = PBXFileReference; lastKnownFileType = sourcecode.metal; path = DeltaE.metal; sourceTree = "<group>"; };
		A1E71E0223AFEB4800F4E97F /* deltaETests.swift */ = {isa = PBXFileReference; lastKnownFileType = sourcecode.swift; path = deltaETests.swift; sourceTree = "<group>"; };
		A1E87D4B23AE3513006718B4 /* MetalResourceManager.swift */ = {isa = PBXFileReference; lastKnownFileType = sourcecode.swift; path = MetalResourceManager.swift; sourceTree = "<group>"; };
		A1E87D5023AE4D18006718B4 /* ImagePoolCheatGenerator.swift */ = {isa = PBXFileReference; lastKnownFileType = sourcecode.swift; path = ImagePoolCheatGenerator.swift; sourceTree = "<group>"; };
		A1E87D5223AE75BB006718B4 /* ColorsDistanceCalculator.swift */ = {isa = PBXFileReference; lastKnownFileType = sourcecode.swift; path = ColorsDistanceCalculator.swift; sourceTree = "<group>"; };
		A1E87D5423AF7454006718B4 /* ColorsDistanceCalculator.metal */ = {isa = PBXFileReference; lastKnownFileType = sourcecode.metal; path = ColorsDistanceCalculator.metal; sourceTree = "<group>"; };
		A1EECBED23B0D89400B4BC6F /* ColorOverlayImageFilter.swift */ = {isa = PBXFileReference; lastKnownFileType = sourcecode.swift; path = ColorOverlayImageFilter.swift; sourceTree = "<group>"; };
		A1EECBEF23B0DB1C00B4BC6F /* ColorOverlayImageFilterTests.swift */ = {isa = PBXFileReference; lastKnownFileType = sourcecode.swift; path = ColorOverlayImageFilterTests.swift; sourceTree = "<group>"; };
		A1EFFD66239AC1A500917A18 /* Test_image_2.jpeg */ = {isa = PBXFileReference; lastKnownFileType = image.jpeg; path = Test_image_2.jpeg; sourceTree = "<group>"; };
		A1EFFD67239AC1A500917A18 /* Test_image_3.jpeg */ = {isa = PBXFileReference; lastKnownFileType = image.jpeg; path = Test_image_3.jpeg; sourceTree = "<group>"; };
		A1EFFD70239AF2B300917A18 /* Rectangle_21.jpg */ = {isa = PBXFileReference; lastKnownFileType = image.jpeg; path = Rectangle_21.jpg; sourceTree = "<group>"; };
		A1EFFD71239AF2B300917A18 /* Rectangle_9.jpg */ = {isa = PBXFileReference; lastKnownFileType = image.jpeg; path = Rectangle_9.jpg; sourceTree = "<group>"; };
		A1EFFD72239AF2B400917A18 /* Rectangle_0.jpg */ = {isa = PBXFileReference; lastKnownFileType = image.jpeg; path = Rectangle_0.jpg; sourceTree = "<group>"; };
		A1EFFD73239AF2B400917A18 /* Rectangle_26.jpg */ = {isa = PBXFileReference; lastKnownFileType = image.jpeg; path = Rectangle_26.jpg; sourceTree = "<group>"; };
		A1EFFD74239AF2B400917A18 /* Rectangle_24.jpg */ = {isa = PBXFileReference; lastKnownFileType = image.jpeg; path = Rectangle_24.jpg; sourceTree = "<group>"; };
		A1EFFD75239AF2B400917A18 /* Rectangle_15.jpg */ = {isa = PBXFileReference; lastKnownFileType = image.jpeg; path = Rectangle_15.jpg; sourceTree = "<group>"; };
		A1EFFD76239AF2B400917A18 /* Rectangle_12.jpg */ = {isa = PBXFileReference; lastKnownFileType = image.jpeg; path = Rectangle_12.jpg; sourceTree = "<group>"; };
		A1EFFD77239AF2B400917A18 /* Rectangle_22.jpg */ = {isa = PBXFileReference; lastKnownFileType = image.jpeg; path = Rectangle_22.jpg; sourceTree = "<group>"; };
		A1EFFD78239AF2B400917A18 /* Rectangle_5.jpg */ = {isa = PBXFileReference; lastKnownFileType = image.jpeg; path = Rectangle_5.jpg; sourceTree = "<group>"; };
		A1EFFD79239AF2B400917A18 /* Rectangle_4.jpg */ = {isa = PBXFileReference; lastKnownFileType = image.jpeg; path = Rectangle_4.jpg; sourceTree = "<group>"; };
		A1EFFD7A239AF2B400917A18 /* Rectangle_11.jpg */ = {isa = PBXFileReference; lastKnownFileType = image.jpeg; path = Rectangle_11.jpg; sourceTree = "<group>"; };
		A1EFFD7B239AF2B400917A18 /* Rectangle_2.jpg */ = {isa = PBXFileReference; lastKnownFileType = image.jpeg; path = Rectangle_2.jpg; sourceTree = "<group>"; };
		A1EFFD7C239AF2B400917A18 /* Rectangle_20.jpg */ = {isa = PBXFileReference; lastKnownFileType = image.jpeg; path = Rectangle_20.jpg; sourceTree = "<group>"; };
		A1EFFD7D239AF2B500917A18 /* Rectangle_17.jpg */ = {isa = PBXFileReference; lastKnownFileType = image.jpeg; path = Rectangle_17.jpg; sourceTree = "<group>"; };
		A1EFFD7E239AF2B500917A18 /* Rectangle_14.jpg */ = {isa = PBXFileReference; lastKnownFileType = image.jpeg; path = Rectangle_14.jpg; sourceTree = "<group>"; };
		A1EFFD7F239AF2B500917A18 /* Rectangle_8.jpg */ = {isa = PBXFileReference; lastKnownFileType = image.jpeg; path = Rectangle_8.jpg; sourceTree = "<group>"; };
		A1EFFD80239AF2B500917A18 /* Rectangle_18.jpg */ = {isa = PBXFileReference; lastKnownFileType = image.jpeg; path = Rectangle_18.jpg; sourceTree = "<group>"; };
		A1EFFD81239AF2B500917A18 /* Rectangle_16.jpg */ = {isa = PBXFileReference; lastKnownFileType = image.jpeg; path = Rectangle_16.jpg; sourceTree = "<group>"; };
		A1EFFD82239AF2B500917A18 /* Rectangle_10.jpg */ = {isa = PBXFileReference; lastKnownFileType = image.jpeg; path = Rectangle_10.jpg; sourceTree = "<group>"; };
		A1EFFD83239AF2B500917A18 /* Rectangle_13.jpg */ = {isa = PBXFileReference; lastKnownFileType = image.jpeg; path = Rectangle_13.jpg; sourceTree = "<group>"; };
		A1EFFD84239AF2B500917A18 /* Rectangle_23.jpg */ = {isa = PBXFileReference; lastKnownFileType = image.jpeg; path = Rectangle_23.jpg; sourceTree = "<group>"; };
		A1EFFD85239AF2B600917A18 /* Rectangle_6.jpg */ = {isa = PBXFileReference; lastKnownFileType = image.jpeg; path = Rectangle_6.jpg; sourceTree = "<group>"; };
		A1EFFD86239AF2B600917A18 /* Rectangle_25.jpg */ = {isa = PBXFileReference; lastKnownFileType = image.jpeg; path = Rectangle_25.jpg; sourceTree = "<group>"; };
		A1EFFD87239AF2B600917A18 /* Rectangle_19.jpg */ = {isa = PBXFileReference; lastKnownFileType = image.jpeg; path = Rectangle_19.jpg; sourceTree = "<group>"; };
		A1EFFD88239AF2B600917A18 /* Rectangle_7.jpg */ = {isa = PBXFileReference; lastKnownFileType = image.jpeg; path = Rectangle_7.jpg; sourceTree = "<group>"; };
		A1EFFD89239AF2B600917A18 /* Rectangle_3.jpg */ = {isa = PBXFileReference; lastKnownFileType = image.jpeg; path = Rectangle_3.jpg; sourceTree = "<group>"; };
		A1EFFD8A239AF2B600917A18 /* Rectangle_1.jpg */ = {isa = PBXFileReference; lastKnownFileType = image.jpeg; path = Rectangle_1.jpg; sourceTree = "<group>"; };
		A1EFFDC1239AF7AD00917A18 /* BeigeRectangle_1x1.jpg */ = {isa = PBXFileReference; lastKnownFileType = image.jpeg; path = BeigeRectangle_1x1.jpg; sourceTree = "<group>"; };
		A1EFFDC7239B16EF00917A18 /* BrownRectangle_1x1.jpg */ = {isa = PBXFileReference; lastKnownFileType = image.jpeg; path = BrownRectangle_1x1.jpg; sourceTree = "<group>"; };
		A1EFFDCA239B1C9A00917A18 /* BrownRectangle_100x100.jpg */ = {isa = PBXFileReference; lastKnownFileType = image.jpeg; path = BrownRectangle_100x100.jpg; sourceTree = "<group>"; };
		A1EFFDCD239B1E1600917A18 /* Test_image_4.jpeg */ = {isa = PBXFileReference; lastKnownFileType = image.jpeg; path = Test_image_4.jpeg; sourceTree = "<group>"; };
		A1EFFDD0239B23F900917A18 /* Test_image_5.jpg */ = {isa = PBXFileReference; lastKnownFileType = image.jpeg; path = Test_image_5.jpg; sourceTree = "<group>"; };
		A1F23F32235E45720030FAC0 /* ImagePoolManagerTests.swift */ = {isa = PBXFileReference; lastKnownFileType = sourcecode.swift; path = ImagePoolManagerTests.swift; sourceTree = "<group>"; };
		A1F23F34235E52190030FAC0 /* CaptureSessionManager.swift */ = {isa = PBXFileReference; fileEncoding = 4; lastKnownFileType = sourcecode.swift; path = CaptureSessionManager.swift; sourceTree = "<group>"; };
		A1F2924C2356590900B0C099 /* AverageZoneColorFinderTests.swift */ = {isa = PBXFileReference; lastKnownFileType = sourcecode.swift; path = AverageZoneColorFinderTests.swift; sourceTree = "<group>"; };
		A1F2924E23565CAA00B0C099 /* GreenRectangle_50x50.jpg */ = {isa = PBXFileReference; lastKnownFileType = image.jpeg; path = GreenRectangle_50x50.jpg; sourceTree = "<group>"; };
		A1F2925123565CF200B0C099 /* BlueRectangle_50x50.jpg */ = {isa = PBXFileReference; lastKnownFileType = image.jpeg; path = BlueRectangle_50x50.jpg; sourceTree = "<group>"; };
		A1F292542356626A00B0C099 /* BlackRectangle_50x50.jpg */ = {isa = PBXFileReference; lastKnownFileType = image.jpeg; path = BlackRectangle_50x50.jpg; sourceTree = "<group>"; };
		A1F29257235662A800B0C099 /* WhiteRectangle_50x50.jpg */ = {isa = PBXFileReference; lastKnownFileType = image.jpeg; path = WhiteRectangle_50x50.jpg; sourceTree = "<group>"; };
		A1F2925A235662F400B0C099 /* GrayRectangle_50x50.jpg */ = {isa = PBXFileReference; lastKnownFileType = image.jpeg; path = GrayRectangle_50x50.jpg; sourceTree = "<group>"; };
		A1F2925D23573D7200B0C099 /* LightGreenRectangle_50x50.jpg */ = {isa = PBXFileReference; lastKnownFileType = image.jpeg; path = LightGreenRectangle_50x50.jpg; sourceTree = "<group>"; };
		A1F292762357544400B0C099 /* PoolTileMapper.swift */ = {isa = PBXFileReference; lastKnownFileType = sourcecode.swift; path = PoolTileMapper.swift; sourceTree = "<group>"; };
/* End PBXFileReference section */

/* Begin PBXFrameworksBuildPhase section */
		A1CDE02B23506DC00024548F /* Frameworks */ = {
			isa = PBXFrameworksBuildPhase;
			buildActionMask = 2147483647;
			files = (
				A1421D79235E2B56004C0286 /* Mosaic.framework in Frameworks */,
			);
			runOnlyForDeploymentPostprocessing = 0;
		};
		A1CDE05523506DD50024548F /* Frameworks */ = {
			isa = PBXFrameworksBuildPhase;
			buildActionMask = 2147483647;
			files = (
			);
			runOnlyForDeploymentPostprocessing = 0;
		};
		A1CDE05D23506DD50024548F /* Frameworks */ = {
			isa = PBXFrameworksBuildPhase;
			buildActionMask = 2147483647;
			files = (
			);
			runOnlyForDeploymentPostprocessing = 0;
		};
/* End PBXFrameworksBuildPhase section */

/* Begin PBXGroup section */
		A12FE4C0238C8787002A9F5F /* Color Helpers */ = {
			isa = PBXGroup;
			children = (
				A12FE4BB238C8503002A9F5F /* ColorConversion.metal */,
				A12FE4BD238C853C002A9F5F /* ColorConversion.h */,
				A1E71DFC23AFE0D000F4E97F /* ToLab.metal */,
				A1E71E0023AFEAD300F4E97F /* DeltaE.metal */,
			);
			path = "Color Helpers";
			sourceTree = "<group>";
		};
		A1CDE02523506DC00024548F = {
			isa = PBXGroup;
			children = (
				A1CDE03023506DC00024548F /* Mosaic Sample App */,
				A1CDE05923506DD50024548F /* Mosaic */,
				A1CDE06623506DD50024548F /* MosaicTests */,
				A118B5CB235E233A00770A48 /* Mosaic Sample App.app */,
				A118B5CC235E233A00770A48 /* Mosaic.framework */,
				A118B5CE235E233A00770A48 /* MosaicTests.xctest */,
			);
			sourceTree = "<group>";
		};
		A1CDE03023506DC00024548F /* Mosaic Sample App */ = {
			isa = PBXGroup;
			children = (
				A1CDE03123506DC00024548F /* AppDelegate.swift */,
				A1CDE03323506DC00024548F /* SceneDelegate.swift */,
				A1CDE03523506DC00024548F /* RootViewController.swift */,
				A1F23F34235E52190030FAC0 /* CaptureSessionManager.swift */,
				A1CDE03723506DC00024548F /* Main.storyboard */,
				A1CDE03A23506DC10024548F /* Assets.xcassets */,
				A1CDE03C23506DC10024548F /* LaunchScreen.storyboard */,
				A1CDE03F23506DC10024548F /* Info.plist */,
			);
			path = "Mosaic Sample App";
			sourceTree = "<group>";
		};
		A1CDE05923506DD50024548F /* Mosaic */ = {
			isa = PBXGroup;
			children = (
				A1F292702357531A00B0C099 /* Pipeline */,
				A1CDE05A23506DD50024548F /* Mosaic.h */,
				A1CDE05B23506DD50024548F /* Info.plist */,
				A1CDE07D235076470024548F /* Mosaic.swift */,
				A1E87D4F23AE4CEF006718B4 /* ImagePoolManager */,
				A157839B2350A31F00CCAEDD /* ResizedImageManager.swift */,
				A1CDE07623506F5F0024548F /* UIImageExtensions.swift */,
				A1CDE07F23507D4A0024548F /* UIColorExtensions.swift */,
				A1E87D4B23AE3513006718B4 /* MetalResourceManager.swift */,
			);
			path = Mosaic;
			sourceTree = "<group>";
		};
		A1CDE06623506DD50024548F /* MosaicTests */ = {
			isa = PBXGroup;
			children = (
				A1CDE0792350731D0024548F /* Resources */,
				A1CDE06723506DD50024548F /* AverageColorTests.swift */,
				A1B0E2932351C5230011040B /* ImageTileSequenceTests.swift */,
				A1F23F32235E45720030FAC0 /* ImagePoolManagerTests.swift */,
				A1B0E2972351CF2B0011040B /* AverageZoneColorFinderPerformanceTests.swift */,
				A1F2924C2356590900B0C099 /* AverageZoneColorFinderTests.swift */,
				A1421D89235E3297004C0286 /* PoolTileMapperTests.swift */,
				A1EECBEF23B0DB1C00B4BC6F /* ColorOverlayImageFilterTests.swift */,
				A1CDE06923506DD50024548F /* Info.plist */,
				A1E71DF723AF799500F4E97F /* ColorsDistanceCalculatorTests.swift */,
				A1E71DFB23AFE0AE00F4E97F /* Color Helpers Tests */,
				A1DF235723BE3D9A004FF2C9 /* TileRectsTests.swift */,
			);
			path = MosaicTests;
			sourceTree = "<group>";
		};
		A1CDE0792350731D0024548F /* Resources */ = {
			isa = PBXGroup;
			children = (
				A1EFFD6F239AF2AA00917A18 /* Basic Colors */,
				A15783A1235136E500CCAEDD /* Test_image_1.jpg */,
				A1EFFD66239AC1A500917A18 /* Test_image_2.jpeg */,
				A1EFFD67239AC1A500917A18 /* Test_image_3.jpeg */,
				A1EFFDCD239B1E1600917A18 /* Test_image_4.jpeg */,
				A1EFFDD0239B23F900917A18 /* Test_image_5.jpg */,
				A1A1D395239EC9E500C52D13 /* Test_image_6.jpg */,
				A19FE6642373092C000E4BDD /* MultiStripes_1000x1000.png */,
				A19FE66823730F75000E4BDD /* MultiStripes_100x100.png */,
				A19FE66D23732CB0000E4BDD /* MultiStripes_Aleternative_100x100.png */,
				A19FE66723730F75000E4BDD /* MultiStripes_500x500.png */,
				A1CE3A38235511B700EC3E2D /* MultiRectangle_10x10.jpg */,
				A1CE3A3B2355145B00EC3E2D /* MultiRectangle_2x2.jpg */,
				A19FE580236A2F4A000E4BDD /* MultiRectangle_60x60.jpg */,
				A19FE583236A392A000E4BDD /* MultiRectangle_4x4.png */,
				A1CE3A2923550CEE00EC3E2D /* RedRectangle_500x500.jpg */,
				A1CE3A2C23550E3600EC3E2D /* RedRectangle_50x50.jpg */,
				A1CE3A3523550EF700EC3E2D /* RedRectangle_40x40.jpg */,
				A1CE3A3223550ED400EC3E2D /* RedRectangle_30x30.jpg */,
				A1CE3A2F23550E8700EC3E2D /* RedRectangle_20x20.jpg */,
				A1CE3A2623550C2300EC3E2D /* RedRectangle_10x10.jpg */,
				A1CE3A2323550BF400EC3E2D /* RedRectangle_2x2.jpg */,
				A1F2924E23565CAA00B0C099 /* GreenRectangle_50x50.jpg */,
				A19FE673237347AF000E4BDD /* GreenRectangle_10x10.png */,
				A1A1D392239EC79E00C52D13 /* DarkGreenRectangle_100x100.jpg */,
				A1A1D39B239ECE9E00C52D13 /* GreenRectangle_100x100.jpg */,
				A1A1D398239ECD3900C52D13 /* GreenShades.png */,
				A1F2925123565CF200B0C099 /* BlueRectangle_50x50.jpg */,
				A19FE670237347AF000E4BDD /* BlueRectangle_10x10.png */,
				A1F292542356626A00B0C099 /* BlackRectangle_50x50.jpg */,
				A19FE672237347AF000E4BDD /* BlackRectangle_10x10.png */,
				A1F29257235662A800B0C099 /* WhiteRectangle_50x50.jpg */,
				A1F2925A235662F400B0C099 /* GrayRectangle_50x50.jpg */,
				A1F2925D23573D7200B0C099 /* LightGreenRectangle_50x50.jpg */,
				A19FE671237347AF000E4BDD /* DarkGreenRectangle_10x10.png */,
				A1EFFDC7239B16EF00917A18 /* BrownRectangle_1x1.jpg */,
				A1EFFDC1239AF7AD00917A18 /* BeigeRectangle_1x1.jpg */,
				A1EFFDCA239B1C9A00917A18 /* BrownRectangle_100x100.jpg */,
			);
			path = Resources;
			sourceTree = "<group>";
		};
		A1E71DFB23AFE0AE00F4E97F /* Color Helpers Tests */ = {
			isa = PBXGroup;
			children = (
				A1E71DF923AFE09300F4E97F /* ToLabelTests.swift */,
				A1E71E0223AFEB4800F4E97F /* deltaETests.swift */,
			);
			path = "Color Helpers Tests";
			sourceTree = "<group>";
		};
		A1E71E0423AFF0D700F4E97F /* Cheats */ = {
			isa = PBXGroup;
			children = (
				A1E87D5023AE4D18006718B4 /* ImagePoolCheatGenerator.swift */,
				A1EECBED23B0D89400B4BC6F /* ColorOverlayImageFilter.swift */,
				A1E87D5223AE75BB006718B4 /* ColorsDistanceCalculator.swift */,
				A1E87D5423AF7454006718B4 /* ColorsDistanceCalculator.metal */,
			);
			path = Cheats;
			sourceTree = "<group>";
		};
		A1E87D4F23AE4CEF006718B4 /* ImagePoolManager */ = {
			isa = PBXGroup;
			children = (
				A1E71E0423AFF0D700F4E97F /* Cheats */,
				A15783992350A30200CCAEDD /* ImagePoolManager.swift */,
			);
			path = ImagePoolManager;
			sourceTree = "<group>";
		};
		A1EFFD6F239AF2AA00917A18 /* Basic Colors */ = {
			isa = PBXGroup;
			children = (
				A1EFFD72239AF2B400917A18 /* Rectangle_0.jpg */,
				A1EFFD8A239AF2B600917A18 /* Rectangle_1.jpg */,
				A1EFFD7B239AF2B400917A18 /* Rectangle_2.jpg */,
				A1EFFD89239AF2B600917A18 /* Rectangle_3.jpg */,
				A1EFFD79239AF2B400917A18 /* Rectangle_4.jpg */,
				A1EFFD78239AF2B400917A18 /* Rectangle_5.jpg */,
				A1EFFD85239AF2B600917A18 /* Rectangle_6.jpg */,
				A1EFFD88239AF2B600917A18 /* Rectangle_7.jpg */,
				A1EFFD7F239AF2B500917A18 /* Rectangle_8.jpg */,
				A1EFFD71239AF2B300917A18 /* Rectangle_9.jpg */,
				A1EFFD82239AF2B500917A18 /* Rectangle_10.jpg */,
				A1EFFD7A239AF2B400917A18 /* Rectangle_11.jpg */,
				A1EFFD76239AF2B400917A18 /* Rectangle_12.jpg */,
				A1EFFD83239AF2B500917A18 /* Rectangle_13.jpg */,
				A1EFFD7E239AF2B500917A18 /* Rectangle_14.jpg */,
				A1EFFD75239AF2B400917A18 /* Rectangle_15.jpg */,
				A1EFFD81239AF2B500917A18 /* Rectangle_16.jpg */,
				A1EFFD7D239AF2B500917A18 /* Rectangle_17.jpg */,
				A1EFFD80239AF2B500917A18 /* Rectangle_18.jpg */,
				A1EFFD87239AF2B600917A18 /* Rectangle_19.jpg */,
				A1EFFD7C239AF2B400917A18 /* Rectangle_20.jpg */,
				A1EFFD70239AF2B300917A18 /* Rectangle_21.jpg */,
				A1EFFD77239AF2B400917A18 /* Rectangle_22.jpg */,
				A1EFFD84239AF2B500917A18 /* Rectangle_23.jpg */,
				A1EFFD74239AF2B400917A18 /* Rectangle_24.jpg */,
				A1EFFD86239AF2B600917A18 /* Rectangle_25.jpg */,
				A1EFFD73239AF2B400917A18 /* Rectangle_26.jpg */,
			);
			path = "Basic Colors";
			sourceTree = "<group>";
		};
		A1F292702357531A00B0C099 /* Pipeline */ = {
			isa = PBXGroup;
			children = (
				A12FE4C0238C8787002A9F5F /* Color Helpers */,
				A1F292712357534300B0C099 /* Color Extraction */,
				A157839D2350A36B00CCAEDD /* TileRects.swift */,
				A15783972350A10100CCAEDD /* ImageStitcher.swift */,
				A1DA3B9C2375EFED0008B37D /* ImageStitcher.metal */,
				A1F292762357544400B0C099 /* PoolTileMapper.swift */,
				A19A222A236596ED00A00324 /* PoolTileMapper_kernel.metal */,
			);
			path = Pipeline;
			sourceTree = "<group>";
		};
		A1F292712357534300B0C099 /* Color Extraction */ = {
			isa = PBXGroup;
			children = (
				A1B0E2912351C1BB0011040B /* AverageZoneColorFinder.swift */,
				A1421D7B235E2EB9004C0286 /* AverageColorZone_kernel.metal */,
				A157839F2350AC7700CCAEDD /* AverageColorFinder.swift */,
			);
			path = "Color Extraction";
			sourceTree = "<group>";
		};
/* End PBXGroup section */

/* Begin PBXHeadersBuildPhase section */
		A1CDE05323506DD50024548F /* Headers */ = {
			isa = PBXHeadersBuildPhase;
			buildActionMask = 2147483647;
			files = (
				A1CDE06A23506DD50024548F /* Mosaic.h in Headers */,
				A12FE4F9238EF89C002A9F5F /* ColorConversion.h in Headers */,
			);
			runOnlyForDeploymentPostprocessing = 0;
		};
/* End PBXHeadersBuildPhase section */

/* Begin PBXNativeTarget section */
		A1CDE02D23506DC00024548F /* Mosaic Sample App */ = {
			isa = PBXNativeTarget;
			buildConfigurationList = A1CDE04D23506DC20024548F /* Build configuration list for PBXNativeTarget "Mosaic Sample App" */;
			buildPhases = (
				A1CDE02A23506DC00024548F /* Sources */,
				A1CDE02B23506DC00024548F /* Frameworks */,
				A1CDE02C23506DC00024548F /* Resources */,
				A1CDE07223506DD50024548F /* Embed Frameworks */,
			);
			buildRules = (
			);
			dependencies = (
				A1CDE06C23506DD50024548F /* PBXTargetDependency */,
			);
			name = "Mosaic Sample App";
			productName = "Mosaic Sample App";
			productReference = A118B5CB235E233A00770A48 /* Mosaic Sample App.app */;
			productType = "com.apple.product-type.application";
		};
		A1CDE05723506DD50024548F /* Mosaic */ = {
			isa = PBXNativeTarget;
			buildConfigurationList = A1CDE06F23506DD50024548F /* Build configuration list for PBXNativeTarget "Mosaic" */;
			buildPhases = (
				A1CDE05323506DD50024548F /* Headers */,
				A1CDE05423506DD50024548F /* Sources */,
				A1CDE05523506DD50024548F /* Frameworks */,
				A1CDE05623506DD50024548F /* Resources */,
			);
			buildRules = (
			);
			dependencies = (
			);
			name = Mosaic;
			productName = Mosaic;
			productReference = A118B5CC235E233A00770A48 /* Mosaic.framework */;
			productType = "com.apple.product-type.framework";
		};
		A1CDE05F23506DD50024548F /* MosaicTests */ = {
			isa = PBXNativeTarget;
			buildConfigurationList = A1CDE07323506DD50024548F /* Build configuration list for PBXNativeTarget "MosaicTests" */;
			buildPhases = (
				A1CDE05C23506DD50024548F /* Sources */,
				A1CDE05D23506DD50024548F /* Frameworks */,
				A1CDE05E23506DD50024548F /* Resources */,
			);
			buildRules = (
			);
			dependencies = (
				A1CDE06323506DD50024548F /* PBXTargetDependency */,
				A1CDE06523506DD50024548F /* PBXTargetDependency */,
			);
			name = MosaicTests;
			productName = MosaicTests;
			productReference = A118B5CE235E233A00770A48 /* MosaicTests.xctest */;
			productType = "com.apple.product-type.bundle.unit-test";
		};
/* End PBXNativeTarget section */

/* Begin PBXProject section */
		A1CDE02623506DC00024548F /* Project object */ = {
			isa = PBXProject;
			attributes = {
				LastSwiftUpdateCheck = 1110;
				LastUpgradeCheck = 1110;
				ORGANIZATIONNAME = "Boris Emorine";
				TargetAttributes = {
					A1CDE02D23506DC00024548F = {
						CreatedOnToolsVersion = 11.1;
					};
					A1CDE05723506DD50024548F = {
						CreatedOnToolsVersion = 11.1;
						LastSwiftMigration = 1110;
					};
					A1CDE05F23506DD50024548F = {
						CreatedOnToolsVersion = 11.1;
						TestTargetID = A1CDE02D23506DC00024548F;
					};
				};
			};
			buildConfigurationList = A1CDE02923506DC00024548F /* Build configuration list for PBXProject "Mosaic Sample App" */;
			compatibilityVersion = "Xcode 9.3";
			developmentRegion = en;
			hasScannedForEncodings = 0;
			knownRegions = (
				en,
				Base,
			);
			mainGroup = A1CDE02523506DC00024548F;
			productRefGroup = A1CDE02523506DC00024548F;
			projectDirPath = "";
			projectRoot = "";
			targets = (
				A1CDE02D23506DC00024548F /* Mosaic Sample App */,
				A1CDE05723506DD50024548F /* Mosaic */,
				A1CDE05F23506DD50024548F /* MosaicTests */,
			);
		};
/* End PBXProject section */

/* Begin PBXResourcesBuildPhase section */
		A1CDE02C23506DC00024548F /* Resources */ = {
			isa = PBXResourcesBuildPhase;
			buildActionMask = 2147483647;
			files = (
				A1CDE03E23506DC10024548F /* LaunchScreen.storyboard in Resources */,
				A1CDE03B23506DC10024548F /* Assets.xcassets in Resources */,
				A1CDE03923506DC00024548F /* Main.storyboard in Resources */,
			);
			runOnlyForDeploymentPostprocessing = 0;
		};
		A1CDE05623506DD50024548F /* Resources */ = {
			isa = PBXResourcesBuildPhase;
			buildActionMask = 2147483647;
			files = (
			);
			runOnlyForDeploymentPostprocessing = 0;
		};
		A1CDE05E23506DD50024548F /* Resources */ = {
			isa = PBXResourcesBuildPhase;
			buildActionMask = 2147483647;
			files = (
				A1EFFDB4239AF2B600917A18 /* Rectangle_23.jpg in Resources */,
				A1CE3A2E23550E3600EC3E2D /* RedRectangle_50x50.jpg in Resources */,
				A19FE66A23730F75000E4BDD /* MultiStripes_500x500.png in Resources */,
				A1EFFDCF239B1E1600917A18 /* Test_image_4.jpeg in Resources */,
				A1A1D394239EC79E00C52D13 /* DarkGreenRectangle_100x100.jpg in Resources */,
				A1A1D39A239ECD3900C52D13 /* GreenShades.png in Resources */,
				A1EFFDA6239AF2B600917A18 /* Rectangle_17.jpg in Resources */,
				A1A1D397239EC9E500C52D13 /* Test_image_6.jpg in Resources */,
				A1A1D39D239ECE9E00C52D13 /* GreenRectangle_100x100.jpg in Resources */,
				A1EFFD90239AF2B600917A18 /* Rectangle_0.jpg in Resources */,
				A1EFFDB0239AF2B600917A18 /* Rectangle_10.jpg in Resources */,
				A1EFFD8E239AF2B600917A18 /* Rectangle_9.jpg in Resources */,
				A1EFFDCC239B1C9B00917A18 /* BrownRectangle_100x100.jpg in Resources */,
				A19FE67B237347B0000E4BDD /* GreenRectangle_10x10.png in Resources */,
				A1EFFDA0239AF2B600917A18 /* Rectangle_11.jpg in Resources */,
				A1CE3A2B23550CEE00EC3E2D /* RedRectangle_500x500.jpg in Resources */,
				A19FE66F23732CB0000E4BDD /* MultiStripes_Aleternative_100x100.png in Resources */,
				A1EFFD68239AC1A500917A18 /* Test_image_2.jpeg in Resources */,
				A19FE675237347B0000E4BDD /* BlueRectangle_10x10.png in Resources */,
				A1F29259235662A800B0C099 /* WhiteRectangle_50x50.jpg in Resources */,
				A1EFFDBE239AF2B600917A18 /* Rectangle_3.jpg in Resources */,
				A1EFFDC3239AF7AD00917A18 /* BeigeRectangle_1x1.jpg in Resources */,
				A1EFFD9A239AF2B600917A18 /* Rectangle_22.jpg in Resources */,
				A1CE3A3423550ED400EC3E2D /* RedRectangle_30x30.jpg in Resources */,
				A1EFFD8C239AF2B600917A18 /* Rectangle_21.jpg in Resources */,
				A1EFFDC0239AF2B600917A18 /* Rectangle_1.jpg in Resources */,
				A1EFFD92239AF2B600917A18 /* Rectangle_26.jpg in Resources */,
				A1EFFD69239AC1A500917A18 /* Test_image_3.jpeg in Resources */,
				A1CE3A2523550BF400EC3E2D /* RedRectangle_2x2.jpg in Resources */,
				A1EFFDD2239B23F900917A18 /* Test_image_5.jpg in Resources */,
				A19FE582236A2F4B000E4BDD /* MultiRectangle_60x60.jpg in Resources */,
				A19FE66C23730F75000E4BDD /* MultiStripes_100x100.png in Resources */,
				A1CE3A3723550EF700EC3E2D /* RedRectangle_40x40.jpg in Resources */,
				A1CE3A3A235511B700EC3E2D /* MultiRectangle_10x10.jpg in Resources */,
				A1CE3A3D2355145B00EC3E2D /* MultiRectangle_2x2.jpg in Resources */,
				A1EFFDC9239B16EF00917A18 /* BrownRectangle_1x1.jpg in Resources */,
				A19FE679237347B0000E4BDD /* BlackRectangle_10x10.png in Resources */,
				A1EFFD98239AF2B600917A18 /* Rectangle_12.jpg in Resources */,
				A1F292562356626A00B0C099 /* BlackRectangle_50x50.jpg in Resources */,
				A1EFFDB2239AF2B600917A18 /* Rectangle_13.jpg in Resources */,
				A1EFFDB6239AF2B600917A18 /* Rectangle_6.jpg in Resources */,
				A1EFFDA2239AF2B600917A18 /* Rectangle_2.jpg in Resources */,
				A19FE585236A392A000E4BDD /* MultiRectangle_4x4.png in Resources */,
				A1CE3A2823550C2300EC3E2D /* RedRectangle_10x10.jpg in Resources */,
				A1EFFD9E239AF2B600917A18 /* Rectangle_4.jpg in Resources */,
				A1EFFDBA239AF2B600917A18 /* Rectangle_19.jpg in Resources */,
				A1EFFD94239AF2B600917A18 /* Rectangle_24.jpg in Resources */,
				A19FE677237347B0000E4BDD /* DarkGreenRectangle_10x10.png in Resources */,
				A1EFFD9C239AF2B600917A18 /* Rectangle_5.jpg in Resources */,
				A1EFFDBC239AF2B600917A18 /* Rectangle_7.jpg in Resources */,
				A1EFFDB8239AF2B600917A18 /* Rectangle_25.jpg in Resources */,
				A1F2925323565CF200B0C099 /* BlueRectangle_50x50.jpg in Resources */,
				A1F2925F23573D7200B0C099 /* LightGreenRectangle_50x50.jpg in Resources */,
				A19FE6662373092C000E4BDD /* MultiStripes_1000x1000.png in Resources */,
				A1EFFD96239AF2B600917A18 /* Rectangle_15.jpg in Resources */,
				A1EFFDA4239AF2B600917A18 /* Rectangle_20.jpg in Resources */,
				A1EFFDAA239AF2B600917A18 /* Rectangle_8.jpg in Resources */,
				A1F2924F23565CAA00B0C099 /* GreenRectangle_50x50.jpg in Resources */,
				A1EFFDA8239AF2B600917A18 /* Rectangle_14.jpg in Resources */,
				A1EFFDAE239AF2B600917A18 /* Rectangle_16.jpg in Resources */,
				A1CE3A3123550E8700EC3E2D /* RedRectangle_20x20.jpg in Resources */,
				A15783A3235136E500CCAEDD /* Test_image_1.jpg in Resources */,
				A1EFFDAC239AF2B600917A18 /* Rectangle_18.jpg in Resources */,
				A1F2925C235662F400B0C099 /* GrayRectangle_50x50.jpg in Resources */,
			);
			runOnlyForDeploymentPostprocessing = 0;
		};
/* End PBXResourcesBuildPhase section */

/* Begin PBXSourcesBuildPhase section */
		A1CDE02A23506DC00024548F /* Sources */ = {
			isa = PBXSourcesBuildPhase;
			buildActionMask = 2147483647;
			files = (
				A1CDE03623506DC00024548F /* RootViewController.swift in Sources */,
				A1F23F35235E52190030FAC0 /* CaptureSessionManager.swift in Sources */,
				A1CDE03223506DC00024548F /* AppDelegate.swift in Sources */,
				A1CDE03423506DC00024548F /* SceneDelegate.swift in Sources */,
			);
			runOnlyForDeploymentPostprocessing = 0;
		};
		A1CDE05423506DD50024548F /* Sources */ = {
			isa = PBXSourcesBuildPhase;
			buildActionMask = 2147483647;
			files = (
				A157839A2350A30200CCAEDD /* ImagePoolManager.swift in Sources */,
				A1E87D5123AE4D18006718B4 /* ImagePoolCheatGenerator.swift in Sources */,
				A1CDE08023507D4A0024548F /* UIColorExtensions.swift in Sources */,
				A1E87D4C23AE3513006718B4 /* MetalResourceManager.swift in Sources */,
				A1E71E0123AFEAD300F4E97F /* DeltaE.metal in Sources */,
				A1421D7C235E2EB9004C0286 /* AverageColorZone_kernel.metal in Sources */,
				A12FE4BC238C8503002A9F5F /* ColorConversion.metal in Sources */,
				A157839E2350A36B00CCAEDD /* TileRects.swift in Sources */,
				A1E71DFE23AFE36A00F4E97F /* ToLab.metal in Sources */,
				A1E87D5323AE75BB006718B4 /* ColorsDistanceCalculator.swift in Sources */,
				A1CDE07723506F5F0024548F /* UIImageExtensions.swift in Sources */,
				A19A222B236596ED00A00324 /* PoolTileMapper_kernel.metal in Sources */,
				A1DA3B9D2375EFED0008B37D /* ImageStitcher.metal in Sources */,
				A1F292772357544400B0C099 /* PoolTileMapper.swift in Sources */,
				A1CDE07E235076470024548F /* Mosaic.swift in Sources */,
				A1EECBEE23B0D89400B4BC6F /* ColorOverlayImageFilter.swift in Sources */,
				A15783A02350AC7700CCAEDD /* AverageColorFinder.swift in Sources */,
				A157839C2350A31F00CCAEDD /* ResizedImageManager.swift in Sources */,
				A1B0E2922351C1BB0011040B /* AverageZoneColorFinder.swift in Sources */,
				A1E87D5523AF7454006718B4 /* ColorsDistanceCalculator.metal in Sources */,
				A15783982350A10100CCAEDD /* ImageStitcher.swift in Sources */,
			);
			runOnlyForDeploymentPostprocessing = 0;
		};
		A1CDE05C23506DD50024548F /* Sources */ = {
			isa = PBXSourcesBuildPhase;
			buildActionMask = 2147483647;
			files = (
				A1B0E2942351C5230011040B /* ImageTileSequenceTests.swift in Sources */,
				A1E71E0323AFEB4800F4E97F /* deltaETests.swift in Sources */,
				A1F2924D2356590900B0C099 /* AverageZoneColorFinderTests.swift in Sources */,
				A1F23F33235E45720030FAC0 /* ImagePoolManagerTests.swift in Sources */,
				A1E71DFF23AFE38700F4E97F /* ToLabelTests.swift in Sources */,
				A1CDE06823506DD50024548F /* AverageColorTests.swift in Sources */,
				A1EECBF023B0DB1C00B4BC6F /* ColorOverlayImageFilterTests.swift in Sources */,
				A1B0E2982351CF2B0011040B /* AverageZoneColorFinderPerformanceTests.swift in Sources */,
				A1E71DF823AF799500F4E97F /* ColorsDistanceCalculatorTests.swift in Sources */,
				A1DF235823BE3D9A004FF2C9 /* TileRectsTests.swift in Sources */,
				A1421D8A235E3297004C0286 /* PoolTileMapperTests.swift in Sources */,
			);
			runOnlyForDeploymentPostprocessing = 0;
		};
/* End PBXSourcesBuildPhase section */

/* Begin PBXTargetDependency section */
		A1CDE06323506DD50024548F /* PBXTargetDependency */ = {
			isa = PBXTargetDependency;
			target = A1CDE05723506DD50024548F /* Mosaic */;
			targetProxy = A1CDE06223506DD50024548F /* PBXContainerItemProxy */;
		};
		A1CDE06523506DD50024548F /* PBXTargetDependency */ = {
			isa = PBXTargetDependency;
			target = A1CDE02D23506DC00024548F /* Mosaic Sample App */;
			targetProxy = A1CDE06423506DD50024548F /* PBXContainerItemProxy */;
		};
		A1CDE06C23506DD50024548F /* PBXTargetDependency */ = {
			isa = PBXTargetDependency;
			target = A1CDE05723506DD50024548F /* Mosaic */;
			targetProxy = A1CDE06B23506DD50024548F /* PBXContainerItemProxy */;
		};
/* End PBXTargetDependency section */

/* Begin PBXVariantGroup section */
		A1CDE03723506DC00024548F /* Main.storyboard */ = {
			isa = PBXVariantGroup;
			children = (
				A1CDE03823506DC00024548F /* Base */,
			);
			name = Main.storyboard;
			sourceTree = "<group>";
		};
		A1CDE03C23506DC10024548F /* LaunchScreen.storyboard */ = {
			isa = PBXVariantGroup;
			children = (
				A1CDE03D23506DC10024548F /* Base */,
			);
			name = LaunchScreen.storyboard;
			sourceTree = "<group>";
		};
/* End PBXVariantGroup section */

/* Begin XCBuildConfiguration section */
		A1CDE04B23506DC20024548F /* Debug */ = {
			isa = XCBuildConfiguration;
			buildSettings = {
				ALWAYS_SEARCH_USER_PATHS = NO;
				CLANG_ANALYZER_NONNULL = YES;
				CLANG_ANALYZER_NUMBER_OBJECT_CONVERSION = YES_AGGRESSIVE;
				CLANG_CXX_LANGUAGE_STANDARD = "gnu++14";
				CLANG_CXX_LIBRARY = "libc++";
				CLANG_ENABLE_MODULES = YES;
				CLANG_ENABLE_OBJC_ARC = YES;
				CLANG_ENABLE_OBJC_WEAK = YES;
				CLANG_WARN_BLOCK_CAPTURE_AUTORELEASING = YES;
				CLANG_WARN_BOOL_CONVERSION = YES;
				CLANG_WARN_COMMA = YES;
				CLANG_WARN_CONSTANT_CONVERSION = YES;
				CLANG_WARN_DEPRECATED_OBJC_IMPLEMENTATIONS = YES;
				CLANG_WARN_DIRECT_OBJC_ISA_USAGE = YES_ERROR;
				CLANG_WARN_DOCUMENTATION_COMMENTS = YES;
				CLANG_WARN_EMPTY_BODY = YES;
				CLANG_WARN_ENUM_CONVERSION = YES;
				CLANG_WARN_INFINITE_RECURSION = YES;
				CLANG_WARN_INT_CONVERSION = YES;
				CLANG_WARN_NON_LITERAL_NULL_CONVERSION = YES;
				CLANG_WARN_OBJC_IMPLICIT_RETAIN_SELF = YES;
				CLANG_WARN_OBJC_LITERAL_CONVERSION = YES;
				CLANG_WARN_OBJC_ROOT_CLASS = YES_ERROR;
				CLANG_WARN_RANGE_LOOP_ANALYSIS = YES;
				CLANG_WARN_STRICT_PROTOTYPES = YES;
				CLANG_WARN_SUSPICIOUS_MOVE = YES;
				CLANG_WARN_UNGUARDED_AVAILABILITY = YES_AGGRESSIVE;
				CLANG_WARN_UNREACHABLE_CODE = YES;
				CLANG_WARN__DUPLICATE_METHOD_MATCH = YES;
				COPY_PHASE_STRIP = NO;
				DEBUG_INFORMATION_FORMAT = dwarf;
				ENABLE_STRICT_OBJC_MSGSEND = YES;
				ENABLE_TESTABILITY = YES;
				GCC_C_LANGUAGE_STANDARD = gnu11;
				GCC_DYNAMIC_NO_PIC = NO;
				GCC_NO_COMMON_BLOCKS = YES;
				GCC_OPTIMIZATION_LEVEL = 0;
				GCC_PREPROCESSOR_DEFINITIONS = (
					"DEBUG=1",
					"$(inherited)",
				);
				GCC_WARN_64_TO_32_BIT_CONVERSION = YES;
				GCC_WARN_ABOUT_RETURN_TYPE = YES_ERROR;
				GCC_WARN_UNDECLARED_SELECTOR = YES;
				GCC_WARN_UNINITIALIZED_AUTOS = YES_AGGRESSIVE;
				GCC_WARN_UNUSED_FUNCTION = YES;
				GCC_WARN_UNUSED_VARIABLE = YES;
				IPHONEOS_DEPLOYMENT_TARGET = 13.0;
				MTL_ENABLE_DEBUG_INFO = INCLUDE_SOURCE;
				MTL_FAST_MATH = YES;
				ONLY_ACTIVE_ARCH = YES;
				SDKROOT = iphoneos;
				SWIFT_ACTIVE_COMPILATION_CONDITIONS = DEBUG;
				SWIFT_OPTIMIZATION_LEVEL = "-Onone";
			};
			name = Debug;
		};
		A1CDE04C23506DC20024548F /* Release */ = {
			isa = XCBuildConfiguration;
			buildSettings = {
				ALWAYS_SEARCH_USER_PATHS = NO;
				CLANG_ANALYZER_NONNULL = YES;
				CLANG_ANALYZER_NUMBER_OBJECT_CONVERSION = YES_AGGRESSIVE;
				CLANG_CXX_LANGUAGE_STANDARD = "gnu++14";
				CLANG_CXX_LIBRARY = "libc++";
				CLANG_ENABLE_MODULES = YES;
				CLANG_ENABLE_OBJC_ARC = YES;
				CLANG_ENABLE_OBJC_WEAK = YES;
				CLANG_WARN_BLOCK_CAPTURE_AUTORELEASING = YES;
				CLANG_WARN_BOOL_CONVERSION = YES;
				CLANG_WARN_COMMA = YES;
				CLANG_WARN_CONSTANT_CONVERSION = YES;
				CLANG_WARN_DEPRECATED_OBJC_IMPLEMENTATIONS = YES;
				CLANG_WARN_DIRECT_OBJC_ISA_USAGE = YES_ERROR;
				CLANG_WARN_DOCUMENTATION_COMMENTS = YES;
				CLANG_WARN_EMPTY_BODY = YES;
				CLANG_WARN_ENUM_CONVERSION = YES;
				CLANG_WARN_INFINITE_RECURSION = YES;
				CLANG_WARN_INT_CONVERSION = YES;
				CLANG_WARN_NON_LITERAL_NULL_CONVERSION = YES;
				CLANG_WARN_OBJC_IMPLICIT_RETAIN_SELF = YES;
				CLANG_WARN_OBJC_LITERAL_CONVERSION = YES;
				CLANG_WARN_OBJC_ROOT_CLASS = YES_ERROR;
				CLANG_WARN_RANGE_LOOP_ANALYSIS = YES;
				CLANG_WARN_STRICT_PROTOTYPES = YES;
				CLANG_WARN_SUSPICIOUS_MOVE = YES;
				CLANG_WARN_UNGUARDED_AVAILABILITY = YES_AGGRESSIVE;
				CLANG_WARN_UNREACHABLE_CODE = YES;
				CLANG_WARN__DUPLICATE_METHOD_MATCH = YES;
				COPY_PHASE_STRIP = NO;
				DEBUG_INFORMATION_FORMAT = "dwarf-with-dsym";
				ENABLE_NS_ASSERTIONS = NO;
				ENABLE_STRICT_OBJC_MSGSEND = YES;
				GCC_C_LANGUAGE_STANDARD = gnu11;
				GCC_NO_COMMON_BLOCKS = YES;
				GCC_WARN_64_TO_32_BIT_CONVERSION = YES;
				GCC_WARN_ABOUT_RETURN_TYPE = YES_ERROR;
				GCC_WARN_UNDECLARED_SELECTOR = YES;
				GCC_WARN_UNINITIALIZED_AUTOS = YES_AGGRESSIVE;
				GCC_WARN_UNUSED_FUNCTION = YES;
				GCC_WARN_UNUSED_VARIABLE = YES;
				IPHONEOS_DEPLOYMENT_TARGET = 13.0;
				MTL_ENABLE_DEBUG_INFO = NO;
				MTL_FAST_MATH = YES;
				SDKROOT = iphoneos;
				SWIFT_COMPILATION_MODE = wholemodule;
				SWIFT_OPTIMIZATION_LEVEL = "-O";
				VALIDATE_PRODUCT = YES;
			};
			name = Release;
		};
		A1CDE04E23506DC20024548F /* Debug */ = {
			isa = XCBuildConfiguration;
			buildSettings = {
				ASSETCATALOG_COMPILER_APPICON_NAME = AppIcon;
				CODE_SIGN_STYLE = Automatic;
				DEVELOPMENT_TEAM = 67V847367C;
				INFOPLIST_FILE = "Mosaic Sample App/Info.plist";
				IPHONEOS_DEPLOYMENT_TARGET = 13.0;
				LD_RUNPATH_SEARCH_PATHS = (
					"$(inherited)",
					"@executable_path/Frameworks",
				);
				PRODUCT_BUNDLE_IDENTIFIER = "BEM.Mosaic-Sample-App";
				PRODUCT_NAME = "$(TARGET_NAME)";
				SWIFT_VERSION = 5.0;
				TARGETED_DEVICE_FAMILY = "1,2";
			};
			name = Debug;
		};
		A1CDE04F23506DC20024548F /* Release */ = {
			isa = XCBuildConfiguration;
			buildSettings = {
				ASSETCATALOG_COMPILER_APPICON_NAME = AppIcon;
				CODE_SIGN_STYLE = Automatic;
				DEVELOPMENT_TEAM = 67V847367C;
				INFOPLIST_FILE = "Mosaic Sample App/Info.plist";
				IPHONEOS_DEPLOYMENT_TARGET = 13.0;
				LD_RUNPATH_SEARCH_PATHS = (
					"$(inherited)",
					"@executable_path/Frameworks",
				);
				PRODUCT_BUNDLE_IDENTIFIER = "BEM.Mosaic-Sample-App";
				PRODUCT_NAME = "$(TARGET_NAME)";
				SWIFT_VERSION = 5.0;
				TARGETED_DEVICE_FAMILY = "1,2";
			};
			name = Release;
		};
		A1CDE07023506DD50024548F /* Debug */ = {
			isa = XCBuildConfiguration;
			buildSettings = {
				ALWAYS_EMBED_SWIFT_STANDARD_LIBRARIES = YES;
				CLANG_ENABLE_MODULES = YES;
				CODE_SIGN_STYLE = Automatic;
				CURRENT_PROJECT_VERSION = 1;
				DEFINES_MODULE = YES;
				DEVELOPMENT_TEAM = 67V847367C;
				DYLIB_COMPATIBILITY_VERSION = 1;
				DYLIB_CURRENT_VERSION = 1;
				DYLIB_INSTALL_NAME_BASE = "@rpath";
				INFOPLIST_FILE = Mosaic/Info.plist;
				INSTALL_PATH = "$(LOCAL_LIBRARY_DIR)/Frameworks";
				IPHONEOS_DEPLOYMENT_TARGET = 13.0;
				LD_RUNPATH_SEARCH_PATHS = (
					"$(inherited)",
					"@executable_path/Frameworks",
					"@loader_path/Frameworks",
				);
				PRODUCT_BUNDLE_IDENTIFIER = BEM.Mosaic;
				PRODUCT_NAME = "$(TARGET_NAME:c99extidentifier)";
				SKIP_INSTALL = YES;
				SWIFT_OPTIMIZATION_LEVEL = "-Onone";
				SWIFT_VERSION = 5.0;
				TARGETED_DEVICE_FAMILY = "1,2";
				VERSIONING_SYSTEM = "apple-generic";
				VERSION_INFO_PREFIX = "";
			};
			name = Debug;
		};
		A1CDE07123506DD50024548F /* Release */ = {
			isa = XCBuildConfiguration;
			buildSettings = {
				ALWAYS_EMBED_SWIFT_STANDARD_LIBRARIES = YES;
				CLANG_ENABLE_MODULES = YES;
				CODE_SIGN_STYLE = Automatic;
				CURRENT_PROJECT_VERSION = 1;
				DEFINES_MODULE = YES;
				DEVELOPMENT_TEAM = 67V847367C;
				DYLIB_COMPATIBILITY_VERSION = 1;
				DYLIB_CURRENT_VERSION = 1;
				DYLIB_INSTALL_NAME_BASE = "@rpath";
				INFOPLIST_FILE = Mosaic/Info.plist;
				INSTALL_PATH = "$(LOCAL_LIBRARY_DIR)/Frameworks";
				IPHONEOS_DEPLOYMENT_TARGET = 13.0;
				LD_RUNPATH_SEARCH_PATHS = (
					"$(inherited)",
					"@executable_path/Frameworks",
					"@loader_path/Frameworks",
				);
				PRODUCT_BUNDLE_IDENTIFIER = BEM.Mosaic;
				PRODUCT_NAME = "$(TARGET_NAME:c99extidentifier)";
				SKIP_INSTALL = YES;
				SWIFT_VERSION = 5.0;
				TARGETED_DEVICE_FAMILY = "1,2";
				VERSIONING_SYSTEM = "apple-generic";
				VERSION_INFO_PREFIX = "";
			};
			name = Release;
		};
		A1CDE07423506DD50024548F /* Debug */ = {
			isa = XCBuildConfiguration;
			buildSettings = {
				ALWAYS_EMBED_SWIFT_STANDARD_LIBRARIES = YES;
				CODE_SIGN_STYLE = Automatic;
				DEVELOPMENT_TEAM = 67V847367C;
				INFOPLIST_FILE = MosaicTests/Info.plist;
				IPHONEOS_DEPLOYMENT_TARGET = 13.0;
				LD_RUNPATH_SEARCH_PATHS = (
					"$(inherited)",
					"@executable_path/Frameworks",
					"@loader_path/Frameworks",
				);
				PRODUCT_BUNDLE_IDENTIFIER = BEM.MosaicTests;
				PRODUCT_NAME = "$(TARGET_NAME)";
				SWIFT_VERSION = 5.0;
				TARGETED_DEVICE_FAMILY = "1,2";
				TEST_HOST = "$(BUILT_PRODUCTS_DIR)/Mosaic Sample App.app/Mosaic Sample App";
			};
			name = Debug;
		};
		A1CDE07523506DD50024548F /* Release */ = {
			isa = XCBuildConfiguration;
			buildSettings = {
				ALWAYS_EMBED_SWIFT_STANDARD_LIBRARIES = YES;
				CODE_SIGN_STYLE = Automatic;
				DEVELOPMENT_TEAM = 67V847367C;
				INFOPLIST_FILE = MosaicTests/Info.plist;
				IPHONEOS_DEPLOYMENT_TARGET = 13.0;
				LD_RUNPATH_SEARCH_PATHS = (
					"$(inherited)",
					"@executable_path/Frameworks",
					"@loader_path/Frameworks",
				);
				PRODUCT_BUNDLE_IDENTIFIER = BEM.MosaicTests;
				PRODUCT_NAME = "$(TARGET_NAME)";
				SWIFT_VERSION = 5.0;
				TARGETED_DEVICE_FAMILY = "1,2";
				TEST_HOST = "$(BUILT_PRODUCTS_DIR)/Mosaic Sample App.app/Mosaic Sample App";
			};
			name = Release;
		};
/* End XCBuildConfiguration section */

/* Begin XCConfigurationList section */
		A1CDE02923506DC00024548F /* Build configuration list for PBXProject "Mosaic Sample App" */ = {
			isa = XCConfigurationList;
			buildConfigurations = (
				A1CDE04B23506DC20024548F /* Debug */,
				A1CDE04C23506DC20024548F /* Release */,
			);
			defaultConfigurationIsVisible = 0;
			defaultConfigurationName = Release;
		};
		A1CDE04D23506DC20024548F /* Build configuration list for PBXNativeTarget "Mosaic Sample App" */ = {
			isa = XCConfigurationList;
			buildConfigurations = (
				A1CDE04E23506DC20024548F /* Debug */,
				A1CDE04F23506DC20024548F /* Release */,
			);
			defaultConfigurationIsVisible = 0;
			defaultConfigurationName = Release;
		};
		A1CDE06F23506DD50024548F /* Build configuration list for PBXNativeTarget "Mosaic" */ = {
			isa = XCConfigurationList;
			buildConfigurations = (
				A1CDE07023506DD50024548F /* Debug */,
				A1CDE07123506DD50024548F /* Release */,
			);
			defaultConfigurationIsVisible = 0;
			defaultConfigurationName = Release;
		};
		A1CDE07323506DD50024548F /* Build configuration list for PBXNativeTarget "MosaicTests" */ = {
			isa = XCConfigurationList;
			buildConfigurations = (
				A1CDE07423506DD50024548F /* Debug */,
				A1CDE07523506DD50024548F /* Release */,
			);
			defaultConfigurationIsVisible = 0;
			defaultConfigurationName = Release;
		};
/* End XCConfigurationList section */
	};
	rootObject = A1CDE02623506DC00024548F /* Project object */;
}
